// !$*UTF8*$!
{
	archiveVersion = 1;
	classes = {
	};
	objectVersion = 77;
	objects = {

/* Begin PBXBuildFile section */
		08513012836F298E482E9705 /* HomeTeamApp.swift in Sources */ = {isa = PBXBuildFile; fileRef = 59001014F91E0BFEB58CC603 /* HomeTeamApp.swift */; };
		0922E77944CB57ECCE883DE0 /* Assets.xcassets in Resources */ = {isa = PBXBuildFile; fileRef = A774E0B0F05FB5BE9DB18F37 /* Assets.xcassets */; };
		13D68C71C0F3E8CB98FCFE6B /* HomeTeamGame.swift in Sources */ = {isa = PBXBuildFile; fileRef = 9277F200C7616979A2189AC1 /* HomeTeamGame.swift */; };
		1768A319867C6682FC7FF2C4 /* ScheduleClient.swift in Sources */ = {isa = PBXBuildFile; fileRef = 01D1D10E20D1A5D989BD2997 /* ScheduleClient.swift */; };
		1C25207B1CF2D6F06DCFE7D2 /* HomeTeamWidgetBundle.swift in Sources */ = {isa = PBXBuildFile; fileRef = 15B92EF01DAD1037D8521DA3 /* HomeTeamWidgetBundle.swift */; };
		1E7A01722B60F05F3B0F056E /* HomeTeamWidgetIntent.swift in Sources */ = {isa = PBXBuildFile; fileRef = 7F529B036AE17982484EF059 /* HomeTeamWidgetIntent.swift */; };
		20484429CD39EB239D00D8B0 /* ScheduleRepository.swift in Sources */ = {isa = PBXBuildFile; fileRef = FBBE0FD89061BA0BC3BF1497 /* ScheduleRepository.swift */; };
		26A47F9F38A329466127DA5B /* AppViewModel.swift in Sources */ = {isa = PBXBuildFile; fileRef = 6367F91276D0DCC08F8D699F /* AppViewModel.swift */; };
		35956F102CDDD3C9582EA382 /* HomeTeamOnboardingView.swift in Sources */ = {isa = PBXBuildFile; fileRef = 32244B21F674E5605B2A220A /* HomeTeamOnboardingView.swift */; };
		374DCD7AAA9F11E3E31460BA /* AppSettingsStore.swift in Sources */ = {isa = PBXBuildFile; fileRef = D50FD004A4881F2E24982317 /* AppSettingsStore.swift */; };
		38A9F1A899859E99EB0D2882 /* TeamCatalog.swift in Sources */ = {isa = PBXBuildFile; fileRef = 7F557B4C95D80BAB0DB33F33 /* TeamCatalog.swift */; };
		42013700AEDEF00EA556BAC0 /* LoginItemManager.swift in Sources */ = {isa = PBXBuildFile; fileRef = 6F88A4E63C0D4490F6EDBC6F /* LoginItemManager.swift */; };
		49A2C12301AE2E36FCA36CCD /* HomeTeamGame.swift in Sources */ = {isa = PBXBuildFile; fileRef = 9277F200C7616979A2189AC1 /* HomeTeamGame.swift */; };
		4BF55C7CD3D74E332186E312 /* TeamCatalog.swift in Sources */ = {isa = PBXBuildFile; fileRef = 7F557B4C95D80BAB0DB33F33 /* TeamCatalog.swift */; };
		5BD195FB5F8FAF6F24449578 /* HomeTeamGame+Presentation.swift in Sources */ = {isa = PBXBuildFile; fileRef = F57F453EC046F9287BEA22F8 /* HomeTeamGame+Presentation.swift */; };
		5D138EC0D1A7F7CF4DA0EC7B /* AppSettings.swift in Sources */ = {isa = PBXBuildFile; fileRef = 3939A69966640825A3128628 /* AppSettings.swift */; };
		608212C96C64A4A87D9E8B20 /* StreamingFilterTests.swift in Sources */ = {isa = PBXBuildFile; fileRef = D7A91334C5597DB0A7D302BC /* StreamingFilterTests.swift */; };
		61CA5D6056D3A823566784FA /* ScheduleClientNetworkSmokeTests.swift in Sources */ = {isa = PBXBuildFile; fileRef = B51299FF87585865D6243D76 /* ScheduleClientNetworkSmokeTests.swift */; };
		629DC3688F7810B682427F73 /* AppSettingsStore.swift in Sources */ = {isa = PBXBuildFile; fileRef = D50FD004A4881F2E24982317 /* AppSettingsStore.swift */; };
		62EF9B6D12345B59BC7AA4C1 /* AppSettings.swift in Sources */ = {isa = PBXBuildFile; fileRef = 3939A69966640825A3128628 /* AppSettings.swift */; };
		63326EFBD952A406D74B728C /* SharedScheduleStore.swift in Sources */ = {isa = PBXBuildFile; fileRef = BFD06D66EEA9BD11C19056B0 /* SharedScheduleStore.swift */; };
		71450C701B36A90F388BAEEF /* TeamCatalogData.json in Resources */ = {isa = PBXBuildFile; fileRef = 3D4F0AF57FE5557E4196E568 /* TeamCatalogData.json */; };
		724C3BFA1EE3BF429083CD3C /* SharedScheduleStore.swift in Sources */ = {isa = PBXBuildFile; fileRef = BFD06D66EEA9BD11C19056B0 /* SharedScheduleStore.swift */; };
		74F3597995B80FF36FB54634 /* StreamingServiceMatcher.swift in Sources */ = {isa = PBXBuildFile; fileRef = 24556E65418744A79C749F71 /* StreamingServiceMatcher.swift */; };
		7A2C45D4EB3F89F358409750 /* HomeTeamWidget.swift in Sources */ = {isa = PBXBuildFile; fileRef = EB36A532067822E706605086 /* HomeTeamWidget.swift */; };
		7F19B1FE83427AD9E8CD3AFC /* StreamingServiceMatcher.swift in Sources */ = {isa = PBXBuildFile; fileRef = 24556E65418744A79C749F71 /* StreamingServiceMatcher.swift */; };
		801BD1119548C2E8C2A2353C /* HomeTeamGame+Presentation.swift in Sources */ = {isa = PBXBuildFile; fileRef = F57F453EC046F9287BEA22F8 /* HomeTeamGame+Presentation.swift */; };
		838633C802E0616C49A6C9FD /* HomeTeamWidgetExtension.appex in Embed Foundation Extensions */ = {isa = PBXBuildFile; fileRef = FB85281222943A72197CFFEB /* HomeTeamWidgetExtension.appex */; settings = {ATTRIBUTES = (RemoveHeadersOnCopy, ); }; };
		90E1928E38C77471BF7D2B0A /* ScheduleClient.swift in Sources */ = {isa = PBXBuildFile; fileRef = 01D1D10E20D1A5D989BD2997 /* ScheduleClient.swift */; };
		9121F7C62546DEBC5DF8714B /* HomeTeamGame.swift in Sources */ = {isa = PBXBuildFile; fileRef = 9277F200C7616979A2189AC1 /* HomeTeamGame.swift */; };
		91FCE6F3B56D5343F36E9620 /* TeamCatalogData.json in Resources */ = {isa = PBXBuildFile; fileRef = 3D4F0AF57FE5557E4196E568 /* TeamCatalogData.json */; };
		9585F2D8BD108967594600EB /* TeamCatalog.swift in Sources */ = {isa = PBXBuildFile; fileRef = 7F557B4C95D80BAB0DB33F33 /* TeamCatalog.swift */; };
		98DC5406605889B8F63CE25B /* ScheduleClient.swift in Sources */ = {isa = PBXBuildFile; fileRef = 01D1D10E20D1A5D989BD2997 /* ScheduleClient.swift */; };
		9D0FCB03A09837720BFA1208 /* HomeTeamSettingsView.swift in Sources */ = {isa = PBXBuildFile; fileRef = 1C3C955B4792C88C27082F64 /* HomeTeamSettingsView.swift */; };
		A0A5BF65E112206C9AE68B61 /* AppSettingsViewModel.swift in Sources */ = {isa = PBXBuildFile; fileRef = 6EC0B3C041C2DCFDDD6B8D8F /* AppSettingsViewModel.swift */; };
		A11B22C33D44E55F66778899 /* HomeTeamFrontendUITests.swift in Sources */ = {isa = PBXBuildFile; fileRef = C11D22E33F44A55B66778891 /* HomeTeamFrontendUITests.swift */; };
		B8C4A3609879F666F00D9701 /* AppSettingsStore.swift in Sources */ = {isa = PBXBuildFile; fileRef = D50FD004A4881F2E24982317 /* AppSettingsStore.swift */; };
		C09EB5A86DB7567F54CEEC77 /* ScheduleRepository.swift in Sources */ = {isa = PBXBuildFile; fileRef = FBBE0FD89061BA0BC3BF1497 /* ScheduleRepository.swift */; };
		C3E6950714885B3CF978ABF1 /* HomeTeamGame+Presentation.swift in Sources */ = {isa = PBXBuildFile; fileRef = F57F453EC046F9287BEA22F8 /* HomeTeamGame+Presentation.swift */; };
		F290E16333CCF15154B8E82F /* SharedScheduleStore.swift in Sources */ = {isa = PBXBuildFile; fileRef = BFD06D66EEA9BD11C19056B0 /* SharedScheduleStore.swift */; };
		F296676FC392382F1AA76BC5 /* AppSettings.swift in Sources */ = {isa = PBXBuildFile; fileRef = 3939A69966640825A3128628 /* AppSettings.swift */; };
		F6CAF6CBAC3945F565474E38 /* StreamingServiceMatcher.swift in Sources */ = {isa = PBXBuildFile; fileRef = 24556E65418744A79C749F71 /* StreamingServiceMatcher.swift */; };
		F9687B7D5FE29279B842632F /* TeamCatalogData.json in Resources */ = {isa = PBXBuildFile; fileRef = 3D4F0AF57FE5557E4196E568 /* TeamCatalogData.json */; };
		FA52D70700081BC56FA4DCDD /* ScheduleRepository.swift in Sources */ = {isa = PBXBuildFile; fileRef = FBBE0FD89061BA0BC3BF1497 /* ScheduleRepository.swift */; };
		FC6D9A5DBE73F5C018D8DEBE /* ContentView.swift in Sources */ = {isa = PBXBuildFile; fileRef = 6CC71B05B1FA431ED5C1DB97 /* ContentView.swift */; };
/* End PBXBuildFile section */

/* Begin PBXContainerItemProxy section */
		B11C22D33E44F55A66778890 /* PBXContainerItemProxy */ = {
			isa = PBXContainerItemProxy;
			containerPortal = C690FCFFAFBAB81038BB6BE3 /* Project object */;
			proxyType = 1;
			remoteGlobalIDString = DBF117B90F66F89BCAFA99E8;
			remoteInfo = HomeTeamApp;
		};
		B874E666822458792905377F /* PBXContainerItemProxy */ = {
			isa = PBXContainerItemProxy;
			containerPortal = C690FCFFAFBAB81038BB6BE3 /* Project object */;
			proxyType = 1;
			remoteGlobalIDString = 85518579AE8040411874475A;
			remoteInfo = HomeTeamWidgetExtension;
		};
/* End PBXContainerItemProxy section */

/* Begin PBXCopyFilesBuildPhase section */
		E99FCF6F93C2B7CA2E0BF405 /* Embed Foundation Extensions */ = {
			isa = PBXCopyFilesBuildPhase;
			buildActionMask = 2147483647;
			dstPath = "";
			dstSubfolderSpec = 13;
			files = (
				838633C802E0616C49A6C9FD /* HomeTeamWidgetExtension.appex in Embed Foundation Extensions */,
			);
			name = "Embed Foundation Extensions";
			runOnlyForDeploymentPostprocessing = 0;
		};
/* End PBXCopyFilesBuildPhase section */

/* Begin PBXFileReference section */
		01D1D10E20D1A5D989BD2997 /* ScheduleClient.swift */ = {isa = PBXFileReference; lastKnownFileType = sourcecode.swift; path = ScheduleClient.swift; sourceTree = "<group>"; };
		15B92EF01DAD1037D8521DA3 /* HomeTeamWidgetBundle.swift */ = {isa = PBXFileReference; lastKnownFileType = sourcecode.swift; path = HomeTeamWidgetBundle.swift; sourceTree = "<group>"; };
		1C3C955B4792C88C27082F64 /* HomeTeamSettingsView.swift */ = {isa = PBXFileReference; lastKnownFileType = sourcecode.swift; path = HomeTeamSettingsView.swift; sourceTree = "<group>"; };
		24556E65418744A79C749F71 /* StreamingServiceMatcher.swift */ = {isa = PBXFileReference; lastKnownFileType = sourcecode.swift; path = StreamingServiceMatcher.swift; sourceTree = "<group>"; };
		32244B21F674E5605B2A220A /* HomeTeamOnboardingView.swift */ = {isa = PBXFileReference; lastKnownFileType = sourcecode.swift; path = HomeTeamOnboardingView.swift; sourceTree = "<group>"; };
		3939A69966640825A3128628 /* AppSettings.swift */ = {isa = PBXFileReference; lastKnownFileType = sourcecode.swift; path = AppSettings.swift; sourceTree = "<group>"; };
		3D4F0AF57FE5557E4196E568 /* TeamCatalogData.json */ = {isa = PBXFileReference; lastKnownFileType = text.json; path = TeamCatalogData.json; sourceTree = "<group>"; };
		4F14CB90D2CE3E13D425704D /* HomeTeam.app */ = {isa = PBXFileReference; explicitFileType = wrapper.application; includeInIndex = 0; path = HomeTeam.app; sourceTree = BUILT_PRODUCTS_DIR; };
		59001014F91E0BFEB58CC603 /* HomeTeamApp.swift */ = {isa = PBXFileReference; lastKnownFileType = sourcecode.swift; path = HomeTeamApp.swift; sourceTree = "<group>"; };
		6367F91276D0DCC08F8D699F /* AppViewModel.swift */ = {isa = PBXFileReference; lastKnownFileType = sourcecode.swift; path = AppViewModel.swift; sourceTree = "<group>"; };
		6CC71B05B1FA431ED5C1DB97 /* ContentView.swift */ = {isa = PBXFileReference; lastKnownFileType = sourcecode.swift; path = ContentView.swift; sourceTree = "<group>"; };
		6EC0B3C041C2DCFDDD6B8D8F /* AppSettingsViewModel.swift */ = {isa = PBXFileReference; lastKnownFileType = sourcecode.swift; path = AppSettingsViewModel.swift; sourceTree = "<group>"; };
		6F88A4E63C0D4490F6EDBC6F /* LoginItemManager.swift */ = {isa = PBXFileReference; lastKnownFileType = sourcecode.swift; path = LoginItemManager.swift; sourceTree = "<group>"; };
		7F529B036AE17982484EF059 /* HomeTeamWidgetIntent.swift */ = {isa = PBXFileReference; lastKnownFileType = sourcecode.swift; path = HomeTeamWidgetIntent.swift; sourceTree = "<group>"; };
		7F557B4C95D80BAB0DB33F33 /* TeamCatalog.swift */ = {isa = PBXFileReference; lastKnownFileType = sourcecode.swift; path = TeamCatalog.swift; sourceTree = "<group>"; };
		8F964EF7E456793BC280EF9B /* HomeTeamTests.xctest */ = {isa = PBXFileReference; explicitFileType = wrapper.cfbundle; includeInIndex = 0; path = HomeTeamTests.xctest; sourceTree = BUILT_PRODUCTS_DIR; };
		9277F200C7616979A2189AC1 /* HomeTeamGame.swift */ = {isa = PBXFileReference; lastKnownFileType = sourcecode.swift; path = HomeTeamGame.swift; sourceTree = "<group>"; };
		A774E0B0F05FB5BE9DB18F37 /* Assets.xcassets */ = {isa = PBXFileReference; lastKnownFileType = folder.assetcatalog; path = Assets.xcassets; sourceTree = "<group>"; };
		B51299FF87585865D6243D76 /* ScheduleClientNetworkSmokeTests.swift */ = {isa = PBXFileReference; lastKnownFileType = sourcecode.swift; path = ScheduleClientNetworkSmokeTests.swift; sourceTree = "<group>"; };
		BFD06D66EEA9BD11C19056B0 /* SharedScheduleStore.swift */ = {isa = PBXFileReference; lastKnownFileType = sourcecode.swift; path = SharedScheduleStore.swift; sourceTree = "<group>"; };
		C11D22E33F44A55B66778891 /* HomeTeamFrontendUITests.swift */ = {isa = PBXFileReference; lastKnownFileType = sourcecode.swift; path = HomeTeamFrontendUITests.swift; sourceTree = "<group>"; };
		D11E22F33A44B55C66778892 /* HomeTeamUITests.xctest */ = {isa = PBXFileReference; explicitFileType = wrapper.cfbundle; includeInIndex = 0; path = HomeTeamUITests.xctest; sourceTree = BUILT_PRODUCTS_DIR; };
		D50FD004A4881F2E24982317 /* AppSettingsStore.swift */ = {isa = PBXFileReference; lastKnownFileType = sourcecode.swift; path = AppSettingsStore.swift; sourceTree = "<group>"; };
		D7A91334C5597DB0A7D302BC /* StreamingFilterTests.swift */ = {isa = PBXFileReference; lastKnownFileType = sourcecode.swift; path = StreamingFilterTests.swift; sourceTree = "<group>"; };
		EB36A532067822E706605086 /* HomeTeamWidget.swift */ = {isa = PBXFileReference; lastKnownFileType = sourcecode.swift; path = HomeTeamWidget.swift; sourceTree = "<group>"; };
		F57F453EC046F9287BEA22F8 /* HomeTeamGame+Presentation.swift */ = {isa = PBXFileReference; lastKnownFileType = sourcecode.swift; path = "HomeTeamGame+Presentation.swift"; sourceTree = "<group>"; };
		FB85281222943A72197CFFEB /* HomeTeamWidgetExtension.appex */ = {isa = PBXFileReference; explicitFileType = "wrapper.app-extension"; includeInIndex = 0; path = HomeTeamWidgetExtension.appex; sourceTree = BUILT_PRODUCTS_DIR; };
		FBBE0FD89061BA0BC3BF1497 /* ScheduleRepository.swift */ = {isa = PBXFileReference; lastKnownFileType = sourcecode.swift; path = ScheduleRepository.swift; sourceTree = "<group>"; };
/* End PBXFileReference section */

/* Begin PBXGroup section */
		19C4EAB76715703D6BCFAE8A /* Tests */ = {
			isa = PBXGroup;
			children = (
				B51299FF87585865D6243D76 /* ScheduleClientNetworkSmokeTests.swift */,
				D7A91334C5597DB0A7D302BC /* StreamingFilterTests.swift */,
			);
			path = Tests;
			sourceTree = "<group>";
		};
		1A6F8D1A565B39CAF2F9E176 /* Persistence */ = {
			isa = PBXGroup;
			children = (
				D50FD004A4881F2E24982317 /* AppSettingsStore.swift */,
				BFD06D66EEA9BD11C19056B0 /* SharedScheduleStore.swift */,
			);
			path = Persistence;
			sourceTree = "<group>";
		};
		2057B57CA52834A9B5C8645B /* Services */ = {
			isa = PBXGroup;
			children = (
				01D1D10E20D1A5D989BD2997 /* ScheduleClient.swift */,
				FBBE0FD89061BA0BC3BF1497 /* ScheduleRepository.swift */,
				24556E65418744A79C749F71 /* StreamingServiceMatcher.swift */,
			);
			path = Services;
			sourceTree = "<group>";
		};
		60CC08A1E8E367EE7B118791 /* Services */ = {
			isa = PBXGroup;
			children = (
				6EC0B3C041C2DCFDDD6B8D8F /* AppSettingsViewModel.swift */,
				6367F91276D0DCC08F8D699F /* AppViewModel.swift */,
				6F88A4E63C0D4490F6EDBC6F /* LoginItemManager.swift */,
			);
			path = Services;
			sourceTree = "<group>";
		};
		66BE2900B658F1C6344AAC1F /* Models */ = {
			isa = PBXGroup;
			children = (
				3939A69966640825A3128628 /* AppSettings.swift */,
				9277F200C7616979A2189AC1 /* HomeTeamGame.swift */,
				F57F453EC046F9287BEA22F8 /* HomeTeamGame+Presentation.swift */,
				7F557B4C95D80BAB0DB33F33 /* TeamCatalog.swift */,
				3D4F0AF57FE5557E4196E568 /* TeamCatalogData.json */,
			);
			path = Models;
			sourceTree = "<group>";
		};
		7BF0253A451F8FDFF2D6281C /* HomeTeamApp */ = {
			isa = PBXGroup;
			children = (
				A774E0B0F05FB5BE9DB18F37 /* Assets.xcassets */,
				6CC71B05B1FA431ED5C1DB97 /* ContentView.swift */,
				59001014F91E0BFEB58CC603 /* HomeTeamApp.swift */,
				60CC08A1E8E367EE7B118791 /* Services */,
				DF59331D5A92A8C40338DFDC /* Settings */,
			);
			path = HomeTeamApp;
			sourceTree = "<group>";
		};
		81A436211F28C2D61D6EA2D6 /* Shared */ = {
			isa = PBXGroup;
			children = (
				66BE2900B658F1C6344AAC1F /* Models */,
				1A6F8D1A565B39CAF2F9E176 /* Persistence */,
				2057B57CA52834A9B5C8645B /* Services */,
			);
			path = Shared;
			sourceTree = "<group>";
		};
		A3BDF4C70A4DE8D0A5E0EADA /* Products */ = {
			isa = PBXGroup;
			children = (
				4F14CB90D2CE3E13D425704D /* HomeTeam.app */,
				8F964EF7E456793BC280EF9B /* HomeTeamTests.xctest */,
				D11E22F33A44B55C66778892 /* HomeTeamUITests.xctest */,
				FB85281222943A72197CFFEB /* HomeTeamWidgetExtension.appex */,
			);
			name = Products;
			sourceTree = "<group>";
		};
		AF6FD0EF556BB0A247A04F2B = {
			isa = PBXGroup;
			children = (
				7BF0253A451F8FDFF2D6281C /* HomeTeamApp */,
				DCB0AF8D7C36D9394CD502DB /* HomeTeamExtension */,
				81A436211F28C2D61D6EA2D6 /* Shared */,
				19C4EAB76715703D6BCFAE8A /* Tests */,
				E11F22A33B44C55D66778893 /* UITests */,
				A3BDF4C70A4DE8D0A5E0EADA /* Products */,
			);
			sourceTree = "<group>";
		};
		DCB0AF8D7C36D9394CD502DB /* HomeTeamExtension */ = {
			isa = PBXGroup;
			children = (
				EB36A532067822E706605086 /* HomeTeamWidget.swift */,
				15B92EF01DAD1037D8521DA3 /* HomeTeamWidgetBundle.swift */,
				7F529B036AE17982484EF059 /* HomeTeamWidgetIntent.swift */,
			);
			path = HomeTeamExtension;
			sourceTree = "<group>";
		};
		DF59331D5A92A8C40338DFDC /* Settings */ = {
			isa = PBXGroup;
			children = (
				32244B21F674E5605B2A220A /* HomeTeamOnboardingView.swift */,
				1C3C955B4792C88C27082F64 /* HomeTeamSettingsView.swift */,
			);
			path = Settings;
			sourceTree = "<group>";
		};
		E11F22A33B44C55D66778893 /* UITests */ = {
			isa = PBXGroup;
			children = (
				C11D22E33F44A55B66778891 /* HomeTeamFrontendUITests.swift */,
			);
			path = UITests;
			sourceTree = "<group>";
		};
/* End PBXGroup section */

/* Begin PBXNativeTarget section */
		85518579AE8040411874475A /* HomeTeamWidgetExtension */ = {
			isa = PBXNativeTarget;
			buildConfigurationList = D18334D3624F296A4F2D4D3D /* Build configuration list for PBXNativeTarget "HomeTeamWidgetExtension" */;
			buildPhases = (
				9AEA89707C43A40C95B2281E /* Sources */,
				EB6A74F5220DC9D953F2A6D3 /* Resources */,
			);
			buildRules = (
			);
			dependencies = (
			);
			name = HomeTeamWidgetExtension;
			packageProductDependencies = (
			);
			productName = HomeTeamWidgetExtension;
			productReference = FB85281222943A72197CFFEB /* HomeTeamWidgetExtension.appex */;
			productType = "com.apple.product-type.app-extension";
		};
		8BD57CB0E1EB7D3171371251 /* HomeTeamTests */ = {
			isa = PBXNativeTarget;
			buildConfigurationList = 88EA7BAFBEB5745890D4C1D7 /* Build configuration list for PBXNativeTarget "HomeTeamTests" */;
			buildPhases = (
				5E0ECA1B38999825B4AC2129 /* Sources */,
				59A900E4DB2A5DF289467A8C /* Resources */,
			);
			buildRules = (
			);
			dependencies = (
			);
			name = HomeTeamTests;
			packageProductDependencies = (
			);
			productName = HomeTeamTests;
			productReference = 8F964EF7E456793BC280EF9B /* HomeTeamTests.xctest */;
			productType = "com.apple.product-type.bundle.unit-test";
		};
		DBF117B90F66F89BCAFA99E8 /* HomeTeamApp */ = {
			isa = PBXNativeTarget;
			buildConfigurationList = 1D3219901C916EF8DBE57900 /* Build configuration list for PBXNativeTarget "HomeTeamApp" */;
			buildPhases = (
				9E626B6C1F94DE093EDFC79A /* Sources */,
				9D341FB4BE60FDFCE97045E7 /* Resources */,
				E99FCF6F93C2B7CA2E0BF405 /* Embed Foundation Extensions */,
			);
			buildRules = (
			);
			dependencies = (
				30250AE42C949FCEC75AE5BB /* PBXTargetDependency */,
			);
			name = HomeTeamApp;
			packageProductDependencies = (
			);
			productName = HomeTeamApp;
			productReference = 4F14CB90D2CE3E13D425704D /* HomeTeam.app */;
			productType = "com.apple.product-type.application";
		};
		F11A22B33C44D55E66778894 /* HomeTeamUITests */ = {
			isa = PBXNativeTarget;
			buildConfigurationList = F21A32B43C54D65E76879895 /* Build configuration list for PBXNativeTarget "HomeTeamUITests" */;
			buildPhases = (
				B21C32D43E54F65A76879891 /* Sources */,
				A21B32C43D54E65F76879890 /* Resources */,
			);
			buildRules = (
			);
			dependencies = (
				C21D32E43F54A65B76879892 /* PBXTargetDependency */,
			);
			name = HomeTeamUITests;
			packageProductDependencies = (
			);
			productName = HomeTeamUITests;
			productReference = D11E22F33A44B55C66778892 /* HomeTeamUITests.xctest */;
			productType = "com.apple.product-type.bundle.ui-testing";
		};
/* End PBXNativeTarget section */

/* Begin PBXProject section */
		C690FCFFAFBAB81038BB6BE3 /* Project object */ = {
			isa = PBXProject;
			attributes = {
				BuildIndependentTargetsInParallel = YES;
				LastUpgradeCheck = 1430;
				TargetAttributes = {
					85518579AE8040411874475A = {
						DevelopmentTeam = Q4MZVR4MU5;
						ProvisioningStyle = Automatic;
					};
					DBF117B90F66F89BCAFA99E8 = {
						DevelopmentTeam = Q4MZVR4MU5;
						ProvisioningStyle = Automatic;
					};
				};
			};
			buildConfigurationList = 6E4C15E851572A9F5A05D3C9 /* Build configuration list for PBXProject "HomeTeam" */;
			developmentRegion = en;
			hasScannedForEncodings = 0;
			knownRegions = (
				Base,
				en,
			);
			mainGroup = AF6FD0EF556BB0A247A04F2B;
			minimizedProjectReferenceProxies = 1;
			preferredProjectObjectVersion = 77;
			productRefGroup = A3BDF4C70A4DE8D0A5E0EADA /* Products */;
			projectDirPath = "";
			projectRoot = "";
			targets = (
				DBF117B90F66F89BCAFA99E8 /* HomeTeamApp */,
				8BD57CB0E1EB7D3171371251 /* HomeTeamTests */,
				F11A22B33C44D55E66778894 /* HomeTeamUITests */,
				85518579AE8040411874475A /* HomeTeamWidgetExtension */,
			);
		};
/* End PBXProject section */

/* Begin PBXResourcesBuildPhase section */
		59A900E4DB2A5DF289467A8C /* Resources */ = {
			isa = PBXResourcesBuildPhase;
			buildActionMask = 2147483647;
			files = (
				F9687B7D5FE29279B842632F /* TeamCatalogData.json in Resources */,
			);
			runOnlyForDeploymentPostprocessing = 0;
		};
		9D341FB4BE60FDFCE97045E7 /* Resources */ = {
			isa = PBXResourcesBuildPhase;
			buildActionMask = 2147483647;
			files = (
				0922E77944CB57ECCE883DE0 /* Assets.xcassets in Resources */,
				71450C701B36A90F388BAEEF /* TeamCatalogData.json in Resources */,
			);
			runOnlyForDeploymentPostprocessing = 0;
		};
		A21B32C43D54E65F76879890 /* Resources */ = {
			isa = PBXResourcesBuildPhase;
			buildActionMask = 2147483647;
			files = (
			);
			runOnlyForDeploymentPostprocessing = 0;
		};
		EB6A74F5220DC9D953F2A6D3 /* Resources */ = {
			isa = PBXResourcesBuildPhase;
			buildActionMask = 2147483647;
			files = (
				91FCE6F3B56D5343F36E9620 /* TeamCatalogData.json in Resources */,
			);
			runOnlyForDeploymentPostprocessing = 0;
		};
/* End PBXResourcesBuildPhase section */

/* Begin PBXSourcesBuildPhase section */
		5E0ECA1B38999825B4AC2129 /* Sources */ = {
			isa = PBXSourcesBuildPhase;
			buildActionMask = 2147483647;
			files = (
				62EF9B6D12345B59BC7AA4C1 /* AppSettings.swift in Sources */,
				374DCD7AAA9F11E3E31460BA /* AppSettingsStore.swift in Sources */,
				C3E6950714885B3CF978ABF1 /* HomeTeamGame+Presentation.swift in Sources */,
				49A2C12301AE2E36FCA36CCD /* HomeTeamGame.swift in Sources */,
				98DC5406605889B8F63CE25B /* ScheduleClient.swift in Sources */,
				61CA5D6056D3A823566784FA /* ScheduleClientNetworkSmokeTests.swift in Sources */,
				C09EB5A86DB7567F54CEEC77 /* ScheduleRepository.swift in Sources */,
				63326EFBD952A406D74B728C /* SharedScheduleStore.swift in Sources */,
				608212C96C64A4A87D9E8B20 /* StreamingFilterTests.swift in Sources */,
				74F3597995B80FF36FB54634 /* StreamingServiceMatcher.swift in Sources */,
				9585F2D8BD108967594600EB /* TeamCatalog.swift in Sources */,
			);
			runOnlyForDeploymentPostprocessing = 0;
		};
		9AEA89707C43A40C95B2281E /* Sources */ = {
			isa = PBXSourcesBuildPhase;
			buildActionMask = 2147483647;
			files = (
				F296676FC392382F1AA76BC5 /* AppSettings.swift in Sources */,
				629DC3688F7810B682427F73 /* AppSettingsStore.swift in Sources */,
				5BD195FB5F8FAF6F24449578 /* HomeTeamGame+Presentation.swift in Sources */,
				13D68C71C0F3E8CB98FCFE6B /* HomeTeamGame.swift in Sources */,
				7A2C45D4EB3F89F358409750 /* HomeTeamWidget.swift in Sources */,
				1C25207B1CF2D6F06DCFE7D2 /* HomeTeamWidgetBundle.swift in Sources */,
				1E7A01722B60F05F3B0F056E /* HomeTeamWidgetIntent.swift in Sources */,
				1768A319867C6682FC7FF2C4 /* ScheduleClient.swift in Sources */,
				20484429CD39EB239D00D8B0 /* ScheduleRepository.swift in Sources */,
				F290E16333CCF15154B8E82F /* SharedScheduleStore.swift in Sources */,
				7F19B1FE83427AD9E8CD3AFC /* StreamingServiceMatcher.swift in Sources */,
				38A9F1A899859E99EB0D2882 /* TeamCatalog.swift in Sources */,
			);
			runOnlyForDeploymentPostprocessing = 0;
		};
		9E626B6C1F94DE093EDFC79A /* Sources */ = {
			isa = PBXSourcesBuildPhase;
			buildActionMask = 2147483647;
			files = (
				5D138EC0D1A7F7CF4DA0EC7B /* AppSettings.swift in Sources */,
				B8C4A3609879F666F00D9701 /* AppSettingsStore.swift in Sources */,
				A0A5BF65E112206C9AE68B61 /* AppSettingsViewModel.swift in Sources */,
				26A47F9F38A329466127DA5B /* AppViewModel.swift in Sources */,
				FC6D9A5DBE73F5C018D8DEBE /* ContentView.swift in Sources */,
				08513012836F298E482E9705 /* HomeTeamApp.swift in Sources */,
				801BD1119548C2E8C2A2353C /* HomeTeamGame+Presentation.swift in Sources */,
				9121F7C62546DEBC5DF8714B /* HomeTeamGame.swift in Sources */,
				35956F102CDDD3C9582EA382 /* HomeTeamOnboardingView.swift in Sources */,
				9D0FCB03A09837720BFA1208 /* HomeTeamSettingsView.swift in Sources */,
				42013700AEDEF00EA556BAC0 /* LoginItemManager.swift in Sources */,
				90E1928E38C77471BF7D2B0A /* ScheduleClient.swift in Sources */,
				FA52D70700081BC56FA4DCDD /* ScheduleRepository.swift in Sources */,
				724C3BFA1EE3BF429083CD3C /* SharedScheduleStore.swift in Sources */,
				F6CAF6CBAC3945F565474E38 /* StreamingServiceMatcher.swift in Sources */,
				4BF55C7CD3D74E332186E312 /* TeamCatalog.swift in Sources */,
			);
			runOnlyForDeploymentPostprocessing = 0;
		};
		B21C32D43E54F65A76879891 /* Sources */ = {
			isa = PBXSourcesBuildPhase;
			buildActionMask = 2147483647;
			files = (
				A11B22C33D44E55F66778899 /* HomeTeamFrontendUITests.swift in Sources */,
			);
			runOnlyForDeploymentPostprocessing = 0;
		};
/* End PBXSourcesBuildPhase section */

/* Begin PBXTargetDependency section */
		30250AE42C949FCEC75AE5BB /* PBXTargetDependency */ = {
			isa = PBXTargetDependency;
			target = 85518579AE8040411874475A /* HomeTeamWidgetExtension */;
			targetProxy = B874E666822458792905377F /* PBXContainerItemProxy */;
		};
		C21D32E43F54A65B76879892 /* PBXTargetDependency */ = {
			isa = PBXTargetDependency;
			target = DBF117B90F66F89BCAFA99E8 /* HomeTeamApp */;
			targetProxy = B11C22D33E44F55A66778890 /* PBXContainerItemProxy */;
		};
/* End PBXTargetDependency section */

/* Begin XCBuildConfiguration section */
		03CEDD0F853BEE5ADB92F822 /* Debug */ = {
			isa = XCBuildConfiguration;
			buildSettings = {
				MACOSX_DEPLOYMENT_TARGET = 14.0;
				PRODUCT_NAME = HomeTeam;
				SDKROOT = macosx;
				SWIFT_VERSION = 5.10;
			};
			name = Debug;
		};
		07472B4578E20DD74DD15C55 /* Debug */ = {
			isa = XCBuildConfiguration;
			buildSettings = {
				ASSETCATALOG_COMPILER_APPICON_NAME = AppIcon;
				CODE_SIGN_ENTITLEMENTS = Config/HomeTeamApp.entitlements;
				CODE_SIGN_IDENTITY = "Apple Development";
				"CODE_SIGN_IDENTITY[sdk=macosx*]" = "Apple Development";
				CODE_SIGN_STYLE = Automatic;
				DEVELOPMENT_TEAM = Q4MZVR4MU5;
				INFOPLIST_FILE = "Config/HomeTeamApp-Info.plist";
				PRODUCT_BUNDLE_IDENTIFIER = com.jonzanoff.hometeam;
				PRODUCT_MODULE_NAME = HomeTeamApp;
				PRODUCT_NAME = HomeTeam;
				REGISTER_APP_GROUPS = YES;
			};
			name = Debug;
		};
		16A49E3EEBEA0B1B114A2175 /* Debug */ = {
			isa = XCBuildConfiguration;
			buildSettings = {
				CODE_SIGN_ENTITLEMENTS = Config/HomeTeamWidgetExtension.entitlements;
				CODE_SIGN_IDENTITY = "Apple Development";
				"CODE_SIGN_IDENTITY[sdk=macosx*]" = "Apple Development";
				CODE_SIGN_STYLE = Automatic;
				DEVELOPMENT_TEAM = Q4MZVR4MU5;
				INFOPLIST_FILE = "Config/HomeTeamWidgetExtension-Info.plist";
				PRODUCT_BUNDLE_IDENTIFIER = com.jonzanoff.hometeam.widget;
				PRODUCT_MODULE_NAME = HomeTeamWidgetExtension;
				PRODUCT_NAME = HomeTeamWidgetExtension;
				SKIP_INSTALL = YES;
			};
			name = Debug;
		};
		2C564F91FDCD5F5BB0D1EF60 /* Release */ = {
			isa = XCBuildConfiguration;
			buildSettings = {
				CODE_SIGNING_ALLOWED = NO;
				CODE_SIGNING_REQUIRED = NO;
				CODE_SIGN_IDENTITY = "";
				"CODE_SIGN_IDENTITY[sdk=macosx*]" = "-";
				"DEVELOPMENT_TEAM[sdk=macosx*]" = Q4MZVR4MU5;
				GENERATE_INFOPLIST_FILE = YES;
				PRODUCT_BUNDLE_IDENTIFIER = com.jonzanoff.hometeam.tests;
				PRODUCT_NAME = HomeTeamTests;
				"PROVISIONING_PROFILE_SPECIFIER[sdk=macosx*]" = "";
			};
			name = Release;
		};
		376B644EA91A130F4074F84E /* Debug */ = {
			isa = XCBuildConfiguration;
			buildSettings = {
				CODE_SIGNING_ALLOWED = NO;
				CODE_SIGNING_REQUIRED = NO;
				CODE_SIGN_IDENTITY = "";
				"CODE_SIGN_IDENTITY[sdk=macosx*]" = "-";
				"DEVELOPMENT_TEAM[sdk=macosx*]" = Q4MZVR4MU5;
				GENERATE_INFOPLIST_FILE = YES;
				PRODUCT_BUNDLE_IDENTIFIER = com.jonzanoff.hometeam.tests;
				PRODUCT_NAME = HomeTeamTests;
				"PROVISIONING_PROFILE_SPECIFIER[sdk=macosx*]" = "";
			};
			name = Debug;
		};
		46AF9CD2F0CB2A81B764A4F5 /* Release */ = {
			isa = XCBuildConfiguration;
			buildSettings = {
				ASSETCATALOG_COMPILER_APPICON_NAME = AppIcon;
				CODE_SIGN_ENTITLEMENTS = Config/HomeTeamApp.entitlements;
				CODE_SIGN_IDENTITY = "Apple Development";
				"CODE_SIGN_IDENTITY[sdk=macosx*]" = "Apple Development";
				CODE_SIGN_STYLE = Automatic;
				DEVELOPMENT_TEAM = Q4MZVR4MU5;
				INFOPLIST_FILE = "Config/HomeTeamApp-Info.plist";
				PRODUCT_BUNDLE_IDENTIFIER = com.jonzanoff.hometeam;
				PRODUCT_MODULE_NAME = HomeTeamApp;
				PRODUCT_NAME = HomeTeam;
				REGISTER_APP_GROUPS = YES;
			};
			name = Release;
		};
		BCF849E3F45BF6A75E1A3D74 /* Release */ = {
			isa = XCBuildConfiguration;
			buildSettings = {
				MACOSX_DEPLOYMENT_TARGET = 14.0;
				PRODUCT_NAME = HomeTeam;
				SDKROOT = macosx;
				SWIFT_VERSION = 5.10;
			};
			name = Release;
		};
		D21E32F43A54B65C76879893 /* Debug */ = {
			isa = XCBuildConfiguration;
			buildSettings = {
				CODE_SIGN_IDENTITY = "Apple Development";
				"CODE_SIGN_IDENTITY[sdk=macosx*]" = "Apple Development";
				CODE_SIGN_STYLE = Automatic;
				DEVELOPMENT_TEAM = Q4MZVR4MU5;
				GENERATE_INFOPLIST_FILE = YES;
				PRODUCT_BUNDLE_IDENTIFIER = com.jonzanoff.hometeam.uitests;
				PRODUCT_NAME = HomeTeamUITests;
				PROVISIONING_PROFILE_SPECIFIER = "";
				TEST_TARGET_NAME = HomeTeamApp;
			};
			name = Debug;
		};
		DC692F80AC1A0D2C41AA2753 /* Release */ = {
			isa = XCBuildConfiguration;
			buildSettings = {
				CODE_SIGN_ENTITLEMENTS = Config/HomeTeamWidgetExtension.entitlements;
				CODE_SIGN_IDENTITY = "Apple Development";
				"CODE_SIGN_IDENTITY[sdk=macosx*]" = "Apple Development";
				CODE_SIGN_STYLE = Automatic;
				DEVELOPMENT_TEAM = Q4MZVR4MU5;
				INFOPLIST_FILE = "Config/HomeTeamWidgetExtension-Info.plist";
				PRODUCT_BUNDLE_IDENTIFIER = com.jonzanoff.hometeam.widget;
				PRODUCT_MODULE_NAME = HomeTeamWidgetExtension;
				PRODUCT_NAME = HomeTeamWidgetExtension;
				SKIP_INSTALL = YES;
			};
			name = Release;
		};
		E21F32A43B54C65D76879894 /* Release */ = {
			isa = XCBuildConfiguration;
			buildSettings = {
				CODE_SIGN_IDENTITY = "Apple Development";
				"CODE_SIGN_IDENTITY[sdk=macosx*]" = "Apple Development";
				CODE_SIGN_STYLE = Automatic;
				DEVELOPMENT_TEAM = Q4MZVR4MU5;
				GENERATE_INFOPLIST_FILE = YES;
				PRODUCT_BUNDLE_IDENTIFIER = com.jonzanoff.hometeam.uitests;
				PRODUCT_NAME = HomeTeamUITests;
				PROVISIONING_PROFILE_SPECIFIER = "";
				TEST_TARGET_NAME = HomeTeamApp;
			};
			name = Release;
		};
/* End XCBuildConfiguration section */

/* Begin XCConfigurationList section */
		1D3219901C916EF8DBE57900 /* Build configuration list for PBXNativeTarget "HomeTeamApp" */ = {
			isa = XCConfigurationList;
			buildConfigurations = (
				07472B4578E20DD74DD15C55 /* Debug */,
				46AF9CD2F0CB2A81B764A4F5 /* Release */,
			);
			defaultConfigurationIsVisible = 0;
			defaultConfigurationName = Debug;
		};
		6E4C15E851572A9F5A05D3C9 /* Build configuration list for PBXProject "HomeTeam" */ = {
			isa = XCConfigurationList;
			buildConfigurations = (
				03CEDD0F853BEE5ADB92F822 /* Debug */,
				BCF849E3F45BF6A75E1A3D74 /* Release */,
			);
			defaultConfigurationIsVisible = 0;
			defaultConfigurationName = Debug;
		};
		88EA7BAFBEB5745890D4C1D7 /* Build configuration list for PBXNativeTarget "HomeTeamTests" */ = {
			isa = XCConfigurationList;
			buildConfigurations = (
				376B644EA91A130F4074F84E /* Debug */,
				2C564F91FDCD5F5BB0D1EF60 /* Release */,
			);
			defaultConfigurationIsVisible = 0;
			defaultConfigurationName = Debug;
		};
		D18334D3624F296A4F2D4D3D /* Build configuration list for PBXNativeTarget "HomeTeamWidgetExtension" */ = {
			isa = XCConfigurationList;
			buildConfigurations = (
				16A49E3EEBEA0B1B114A2175 /* Debug */,
				DC692F80AC1A0D2C41AA2753 /* Release */,
			);
			defaultConfigurationIsVisible = 0;
			defaultConfigurationName = Debug;
		};
		F21A32B43C54D65E76879895 /* Build configuration list for PBXNativeTarget "HomeTeamUITests" */ = {
			isa = XCConfigurationList;
			buildConfigurations = (
				D21E32F43A54B65C76879893 /* Debug */,
				E21F32A43B54C65D76879894 /* Release */,
			);
			defaultConfigurationIsVisible = 0;
			defaultConfigurationName = Debug;
		};
/* End XCConfigurationList section */
	};
	rootObject = C690FCFFAFBAB81038BB6BE3 /* Project object */;
}
